
Microsoft Visual Studio Solution File, Format Version 12.00
# Visual Studio Version 17
VisualStudioVersion = 17.11.35222.181
MinimumVisualStudioVersion = 10.0.40219.1
Project("{FAE04EC0-301F-11D3-BF4B-00C04F79EFBC}") = "Kniffel", "Kniffel.csproj", "{AFAEC7DC-0C00-45C8-9FB8-DC14E2A3D17F}"
EndProject
Global
	GlobalSection(SolutionConfigurationPlatforms) = preSolution
		Debug|Any CPU = Debug|Any CPU
		Release|Any CPU = Release|Any CPU
	EndGlobalSection
	GlobalSection(ProjectConfigurationPlatforms) = postSolution
		{AFAEC7DC-0C00-45C8-9FB8-DC14E2A3D17F}.Debug|Any CPU.ActiveCfg = Debug|Any CPU
		{AFAEC7DC-0C00-45C8-9FB8-DC14E2A3D17F}.Debug|Any CPU.Build.0 = Debug|Any CPU
		{AFAEC7DC-0C00-45C8-9FB8-DC14E2A3D17F}.Release|Any CPU.ActiveCfg = Release|Any CPU
		{AFAEC7DC-0C00-45C8-9FB8-DC14E2A3D17F}.Release|Any CPU.Build.0 = Release|Any CPU
	EndGlobalSection
	GlobalSection(SolutionProperties) = preSolution
		HideSolutionNode = FALSE
	EndGlobalSection
	GlobalSection(ExtensibilityGlobals) = postSolution
		SolutionGuid = {FCE141EF-44A7-421B-8315-EAB01FBBAFAD}
	EndGlobalSection
EndGlobal
